# Generated by buf. DO NOT EDIT.
version: v2
deps:
  - name: buf.build/envoyproxy/protoc-gen-validate
    commit: 6607b10f00ed4a3d98f906807131c44a
    digest: b5:ade405ac4328bd0a2cf83c93bcb4bc389d4897afd86a0096df4537b180916882da4e4f0c2d45f0b1554d7a6c87f6c5bc94b71b3555ca71cc31a9a8baed26a9f9
  - name: buf.build/googleapis/googleapis
    commit: cc916c31859748a68fd229a3c8d7a2e8
    digest: b5:3b4e241d18fbebc6b30ff28968527af2cdd618026930d2a9666bbad2868b1aa164d20229477464691bdfd053a77b5c727468039bd1d2b550cb4151ee4c1499fe
  - name: buf.build/grpc-ecosystem/grpc-gateway
    commit: 11c9972ea0fd4c95a2c38d29bb1dc817
    digest: b5:e6568d1ba2c09b717397d7a05bc07c49de0e551294c5339b6e1f76d737835b1809c711f307e616f089c0f66b1d2851d859a56c52ee72c763e1e1873ac40530de
